hash: c76b48cb9d87ea66ab2a39c861b39f39505b5aa3dfeaaedb826d8fc0607a821b
updated: 2017-10-17T16:47:35.608144493+02:00
imports: []
testImports:
- name: github.com/davecgh/go-spew
  version: 04cdfd42973bb9c8589fd6a731800cf222fde1a9
  subpackages:
  - spew
- name: github.com/pmezard/go-difflib
  version: d8ed2627bdf02c080bf22230dbb337003b7aba2d
  subpackages:
  - difflib
- name: github.com/stretchr/testify
  version: 890a5c3458b43e6104ff5da8dfa139d013d77544
  subpackages:
  - assert
